// !$*UTF8*$!
{
	archiveVersion = 1;
	classes = {
	};
	objectVersion = 46;
	objects = {

/* Begin PBXBuildFile section */
		CF9F3F7A1CA6B385007FEE3B /* main.m in Sources */ = {isa = PBXBuildFile; fileRef = CF9F3F791CA6B385007FEE3B /* main.m */; };
		CF9F3F7D1CA6B385007FEE3B /* AppDelegate.m in Sources */ = {isa = PBXBuildFile; fileRef = CF9F3F7C1CA6B385007FEE3B /* AppDelegate.m */; };
		CF9F3F801CA6B385007FEE3B /* ViewController.m in Sources */ = {isa = PBXBuildFile; fileRef = CF9F3F7F1CA6B385007FEE3B /* ViewController.m */; };
		CF9F3F831CA6B385007FEE3B /* Main.storyboard in Resources */ = {isa = PBXBuildFile; fileRef = CF9F3F811CA6B385007FEE3B /* Main.storyboard */; };
		CF9F3F861CA6B385007FEE3B /* Demo3_JS_HOSTTest.xcdatamodeld in Sources */ = {isa = PBXBuildFile; fileRef = CF9F3F841CA6B385007FEE3B /* Demo3_JS_HOSTTest.xcdatamodeld */; };
		CF9F3F881CA6B385007FEE3B /* Assets.xcassets in Resources */ = {isa = PBXBuildFile; fileRef = CF9F3F871CA6B385007FEE3B /* Assets.xcassets */; };
		CF9F3F8B1CA6B385007FEE3B /* LaunchScreen.storyboard in Resources */ = {isa = PBXBuildFile; fileRef = CF9F3F891CA6B385007FEE3B /* LaunchScreen.storyboard */; };
		CF9F3F961CA6B385007FEE3B /* Demo3_JS_HOSTTestTests.m in Sources */ = {isa = PBXBuildFile; fileRef = CF9F3F951CA6B385007FEE3B /* Demo3_JS_HOSTTestTests.m */; };
		CF9F3FA11CA6B385007FEE3B /* Demo3_JS_HOSTTestUITests.m in Sources */ = {isa = PBXBuildFile; fileRef = CF9F3FA01CA6B385007FEE3B /* Demo3_JS_HOSTTestUITests.m */; };
		CF9F3FB01CA6B55B007FEE3B /* AsyncSocket.m in Sources */ = {isa = PBXBuildFile; fileRef = CF9F3FAF1CA6B55B007FEE3B /* AsyncSocket.m */; settings = {COMPILER_FLAGS = "-fno-objc-arc"; }; };
/* End PBXBuildFile section */

/* Begin PBXContainerItemProxy section */
		CF9F3F921CA6B385007FEE3B /* PBXContainerItemProxy */ = {
			isa = PBXContainerItemProxy;
			containerPortal = CF9F3F6D1CA6B385007FEE3B /* Project object */;
			proxyType = 1;
			remoteGlobalIDString = CF9F3F741CA6B385007FEE3B;
			remoteInfo = Demo3_JS_HOSTTest;
		};
		CF9F3F9D1CA6B385007FEE3B /* PBXContainerItemProxy */ = {
			isa = PBXContainerItemProxy;
			containerPortal = CF9F3F6D1CA6B385007FEE3B /* Project object */;
			proxyType = 1;
			remoteGlobalIDString = CF9F3F741CA6B385007FEE3B;
			remoteInfo = Demo3_JS_HOSTTest;
		};
/* End PBXContainerItemProxy section */

/* Begin PBXFileReference section */
		CF9F3F751CA6B385007FEE3B /* Demo3_JS_HOSTTest.app */ = {isa = PBXFileReference; explicitFileType = wrapper.application; includeInIndex = 0; path = Demo3_JS_HOSTTest.app; sourceTree = BUILT_PRODUCTS_DIR; };
		CF9F3F791CA6B385007FEE3B /* main.m */ = {isa = PBXFileReference; lastKnownFileType = sourcecode.c.objc; path = main.m; sourceTree = "<group>"; };
		CF9F3F7B1CA6B385007FEE3B /* AppDelegate.h */ = {isa = PBXFileReference; lastKnownFileType = sourcecode.c.h; path = AppDelegate.h; sourceTree = "<group>"; };
		CF9F3F7C1CA6B385007FEE3B /* AppDelegate.m */ = {isa = PBXFileReference; lastKnownFileType = sourcecode.c.objc; path = AppDelegate.m; sourceTree = "<group>"; };
		CF9F3F7E1CA6B385007FEE3B /* ViewController.h */ = {isa = PBXFileReference; lastKnownFileType = sourcecode.c.h; path = ViewController.h; sourceTree = "<group>"; };
		CF9F3F7F1CA6B385007FEE3B /* ViewController.m */ = {isa = PBXFileReference; lastKnownFileType = sourcecode.c.objc; path = ViewController.m; sourceTree = "<group>"; };
		CF9F3F821CA6B385007FEE3B /* Base */ = {isa = PBXFileReference; lastKnownFileType = file.storyboard; name = Base; path = Base.lproj/Main.storyboard; sourceTree = "<group>"; };
		CF9F3F851CA6B385007FEE3B /* Demo3_JS_HOSTTest.xcdatamodel */ = {isa = PBXFileReference; lastKnownFileType = wrapper.xcdatamodel; path = Demo3_JS_HOSTTest.xcdatamodel; sourceTree = "<group>"; };
		CF9F3F871CA6B385007FEE3B /* Assets.xcassets */ = {isa = PBXFileReference; lastKnownFileType = folder.assetcatalog; path = Assets.xcassets; sourceTree = "<group>"; };
		CF9F3F8A1CA6B385007FEE3B /* Base */ = {isa = PBXFileReference; lastKnownFileType = file.storyboard; name = Base; path = Base.lproj/LaunchScreen.storyboard; sourceTree = "<group>"; };
		CF9F3F8C1CA6B385007FEE3B /* Info.plist */ = {isa = PBXFileReference; lastKnownFileType = text.plist.xml; path = Info.plist; sourceTree = "<group>"; };
		CF9F3F911CA6B385007FEE3B /* Demo3_JS_HOSTTestTests.xctest */ = {isa = PBXFileReference; explicitFileType = wrapper.cfbundle; includeInIndex = 0; path = Demo3_JS_HOSTTestTests.xctest; sourceTree = BUILT_PRODUCTS_DIR; };
		CF9F3F951CA6B385007FEE3B /* Demo3_JS_HOSTTestTests.m */ = {isa = PBXFileReference; lastKnownFileType = sourcecode.c.objc; path = Demo3_JS_HOSTTestTests.m; sourceTree = "<group>"; };
		CF9F3F971CA6B385007FEE3B /* Info.plist */ = {isa = PBXFileReference; lastKnownFileType = text.plist.xml; path = Info.plist; sourceTree = "<group>"; };
		CF9F3F9C1CA6B385007FEE3B /* Demo3_JS_HOSTTestUITests.xctest */ = {isa = PBXFileReference; explicitFileType = wrapper.cfbundle; includeInIndex = 0; path = Demo3_JS_HOSTTestUITests.xctest; sourceTree = BUILT_PRODUCTS_DIR; };
		CF9F3FA01CA6B385007FEE3B /* Demo3_JS_HOSTTestUITests.m */ = {isa = PBXFileReference; lastKnownFileType = sourcecode.c.objc; path = Demo3_JS_HOSTTestUITests.m; sourceTree = "<group>"; };
		CF9F3FA21CA6B385007FEE3B /* Info.plist */ = {isa = PBXFileReference; lastKnownFileType = text.plist.xml; path = Info.plist; sourceTree = "<group>"; };
		CF9F3FAE1CA6B55B007FEE3B /* AsyncSocket.h */ = {isa = PBXFileReference; fileEncoding = 4; lastKnownFileType = sourcecode.c.h; path = AsyncSocket.h; sourceTree = "<group>"; };
		CF9F3FAF1CA6B55B007FEE3B /* AsyncSocket.m */ = {isa = PBXFileReference; fileEncoding = 4; lastKnownFileType = sourcecode.c.objc; path = AsyncSocket.m; sourceTree = "<group>"; };
/* End PBXFileReference section */

/* Begin PBXFrameworksBuildPhase section */
		CF9F3F721CA6B385007FEE3B /* Frameworks */ = {
			isa = PBXFrameworksBuildPhase;
			buildActionMask = 2147483647;
			files = (
			);
			runOnlyForDeploymentPostprocessing = 0;
		};
		CF9F3F8E1CA6B385007FEE3B /* Frameworks */ = {
			isa = PBXFrameworksBuildPhase;
			buildActionMask = 2147483647;
			files = (
			);
			runOnlyForDeploymentPostprocessing = 0;
		};
		CF9F3F991CA6B385007FEE3B /* Frameworks */ = {
			isa = PBXFrameworksBuildPhase;
			buildActionMask = 2147483647;
			files = (
			);
			runOnlyForDeploymentPostprocessing = 0;
		};
/* End PBXFrameworksBuildPhase section */

/* Begin PBXGroup section */
		CF9F3F6C1CA6B385007FEE3B = {
			isa = PBXGroup;
			children = (
				CF9F3F771CA6B385007FEE3B /* Demo3_JS_HOSTTest */,
				CF9F3F941CA6B385007FEE3B /* Demo3_JS_HOSTTestTests */,
				CF9F3F9F1CA6B385007FEE3B /* Demo3_JS_HOSTTestUITests */,
				CF9F3F761CA6B385007FEE3B /* Products */,
			);
			sourceTree = "<group>";
		};
		CF9F3F761CA6B385007FEE3B /* Products */ = {
			isa = PBXGroup;
			children = (
				CF9F3F751CA6B385007FEE3B /* Demo3_JS_HOSTTest.app */,
				CF9F3F911CA6B385007FEE3B /* Demo3_JS_HOSTTestTests.xctest */,
				CF9F3F9C1CA6B385007FEE3B /* Demo3_JS_HOSTTestUITests.xctest */,
			);
			name = Products;
			sourceTree = "<group>";
		};
		CF9F3F771CA6B385007FEE3B /* Demo3_JS_HOSTTest */ = {
			isa = PBXGroup;
			children = (
				CF9F3FAE1CA6B55B007FEE3B /* AsyncSocket.h */,
				CF9F3FAF1CA6B55B007FEE3B /* AsyncSocket.m */,
				CF9F3F7B1CA6B385007FEE3B /* AppDelegate.h */,
				CF9F3F7C1CA6B385007FEE3B /* AppDelegate.m */,
				CF9F3F7E1CA6B385007FEE3B /* ViewController.h */,
				CF9F3F7F1CA6B385007FEE3B /* ViewController.m */,
				CF9F3F811CA6B385007FEE3B /* Main.storyboard */,
				CF9F3F871CA6B385007FEE3B /* Assets.xcassets */,
				CF9F3F891CA6B385007FEE3B /* LaunchScreen.storyboard */,
				CF9F3F8C1CA6B385007FEE3B /* Info.plist */,
				CF9F3F841CA6B385007FEE3B /* Demo3_JS_HOSTTest.xcdatamodeld */,
				CF9F3F781CA6B385007FEE3B /* Supporting Files */,
			);
			path = Demo3_JS_HOSTTest;
			sourceTree = "<group>";
		};
		CF9F3F781CA6B385007FEE3B /* Supporting Files */ = {
			isa = PBXGroup;
			children = (
				CF9F3F791CA6B385007FEE3B /* main.m */,
			);
			name = "Supporting Files";
			sourceTree = "<group>";
		};
		CF9F3F941CA6B385007FEE3B /* Demo3_JS_HOSTTestTests */ = {
			isa = PBXGroup;
			children = (
				CF9F3F951CA6B385007FEE3B /* Demo3_JS_HOSTTestTests.m */,
				CF9F3F971CA6B385007FEE3B /* Info.plist */,
			);
			path = Demo3_JS_HOSTTestTests;
			sourceTree = "<group>";
		};
		CF9F3F9F1CA6B385007FEE3B /* Demo3_JS_HOSTTestUITests */ = {
			isa = PBXGroup;
			children = (
				CF9F3FA01CA6B385007FEE3B /* Demo3_JS_HOSTTestUITests.m */,
				CF9F3FA21CA6B385007FEE3B /* Info.plist */,
			);
			path = Demo3_JS_HOSTTestUITests;
			sourceTree = "<group>";
		};
/* End PBXGroup section */

/* Begin PBXNativeTarget section */
		CF9F3F741CA6B385007FEE3B /* Demo3_JS_HOSTTest */ = {
			isa = PBXNativeTarget;
			buildConfigurationList = CF9F3FA51CA6B385007FEE3B /* Build configuration list for PBXNativeTarget "Demo3_JS_HOSTTest" */;
			buildPhases = (
				CF9F3F711CA6B385007FEE3B /* Sources */,
				CF9F3F721CA6B385007FEE3B /* Frameworks */,
				CF9F3F731CA6B385007FEE3B /* Resources */,
			);
			buildRules = (
			);
			dependencies = (
			);
			name = Demo3_JS_HOSTTest;
			productName = Demo3_JS_HOSTTest;
			productReference = CF9F3F751CA6B385007FEE3B /* Demo3_JS_HOSTTest.app */;
			productType = "com.apple.product-type.application";
		};
		CF9F3F901CA6B385007FEE3B /* Demo3_JS_HOSTTestTests */ = {
			isa = PBXNativeTarget;
			buildConfigurationList = CF9F3FA81CA6B385007FEE3B /* Build configuration list for PBXNativeTarget "Demo3_JS_HOSTTestTests" */;
			buildPhases = (
				CF9F3F8D1CA6B385007FEE3B /* Sources */,
				CF9F3F8E1CA6B385007FEE3B /* Frameworks */,
				CF9F3F8F1CA6B385007FEE3B /* Resources */,
			);
			buildRules = (
			);
			dependencies = (
				CF9F3F931CA6B385007FEE3B /* PBXTargetDependency */,
			);
			name = Demo3_JS_HOSTTestTests;
			productName = Demo3_JS_HOSTTestTests;
			productReference = CF9F3F911CA6B385007FEE3B /* Demo3_JS_HOSTTestTests.xctest */;
			productType = "com.apple.product-type.bundle.unit-test";
		};
		CF9F3F9B1CA6B385007FEE3B /* Demo3_JS_HOSTTestUITests */ = {
			isa = PBXNativeTarget;
			buildConfigurationList = CF9F3FAB1CA6B385007FEE3B /* Build configuration list for PBXNativeTarget "Demo3_JS_HOSTTestUITests" */;
			buildPhases = (
				CF9F3F981CA6B385007FEE3B /* Sources */,
				CF9F3F991CA6B385007FEE3B /* Frameworks */,
				CF9F3F9A1CA6B385007FEE3B /* Resources */,
			);
			buildRules = (
			);
			dependencies = (
				CF9F3F9E1CA6B385007FEE3B /* PBXTargetDependency */,
			);
			name = Demo3_JS_HOSTTestUITests;
			productName = Demo3_JS_HOSTTestUITests;
			productReference = CF9F3F9C1CA6B385007FEE3B /* Demo3_JS_HOSTTestUITests.xctest */;
			productType = "com.apple.product-type.bundle.ui-testing";
		};
/* End PBXNativeTarget section */

/* Begin PBXProject section */
		CF9F3F6D1CA6B385007FEE3B /* Project object */ = {
			isa = PBXProject;
			attributes = {
				LastUpgradeCheck = 0730;
				ORGANIZATIONNAME = jiangsu;
				TargetAttributes = {
					CF9F3F741CA6B385007FEE3B = {
						CreatedOnToolsVersion = 7.3;
						DevelopmentTeam = 4SU7V64Q9J;
					};
					CF9F3F901CA6B385007FEE3B = {
						CreatedOnToolsVersion = 7.3;
						DevelopmentTeam = 4SU7V64Q9J;
						TestTargetID = CF9F3F741CA6B385007FEE3B;
					};
					CF9F3F9B1CA6B385007FEE3B = {
						CreatedOnToolsVersion = 7.3;
						DevelopmentTeam = 4SU7V64Q9J;
						TestTargetID = CF9F3F741CA6B385007FEE3B;
					};
				};
			};
			buildConfigurationList = CF9F3F701CA6B385007FEE3B /* Build configuration list for PBXProject "Demo3_JS_HOSTTest" */;
			compatibilityVersion = "Xcode 3.2";
			developmentRegion = English;
			hasScannedForEncodings = 0;
			knownRegions = (
				en,
				Base,
			);
			mainGroup = CF9F3F6C1CA6B385007FEE3B;
			productRefGroup = CF9F3F761CA6B385007FEE3B /* Products */;
			projectDirPath = "";
			projectRoot = "";
			targets = (
				CF9F3F741CA6B385007FEE3B /* Demo3_JS_HOSTTest */,
				CF9F3F901CA6B385007FEE3B /* Demo3_JS_HOSTTestTests */,
				CF9F3F9B1CA6B385007FEE3B /* Demo3_JS_HOSTTestUITests */,
			);
		};
/* End PBXProject section */

/* Begin PBXResourcesBuildPhase section */
		CF9F3F731CA6B385007FEE3B /* Resources */ = {
			isa = PBXResourcesBuildPhase;
			buildActionMask = 2147483647;
			files = (
				CF9F3F8B1CA6B385007FEE3B /* LaunchScreen.storyboard in Resources */,
				CF9F3F881CA6B385007FEE3B /* Assets.xcassets in Resources */,
				CF9F3F831CA6B385007FEE3B /* Main.storyboard in Resources */,
			);
			runOnlyForDeploymentPostprocessing = 0;
		};
		CF9F3F8F1CA6B385007FEE3B /* Resources */ = {
			isa = PBXResourcesBuildPhase;
			buildActionMask = 2147483647;
			files = (
			);
			runOnlyForDeploymentPostprocessing = 0;
		};
		CF9F3F9A1CA6B385007FEE3B /* Resources */ = {
			isa = PBXResourcesBuildPhase;
			buildActionMask = 2147483647;
			files = (
			);
			runOnlyForDeploymentPostprocessing = 0;
		};
/* End PBXResourcesBuildPhase section */

/* Begin PBXSourcesBuildPhase section */
		CF9F3F711CA6B385007FEE3B /* Sources */ = {
			isa = PBXSourcesBuildPhase;
			buildActionMask = 2147483647;
			files = (
				CF9F3F801CA6B385007FEE3B /* ViewController.m in Sources */,
				CF9F3FB01CA6B55B007FEE3B /* AsyncSocket.m in Sources */,
				CF9F3F7D1CA6B385007FEE3B /* AppDelegate.m in Sources */,
				CF9F3F7A1CA6B385007FEE3B /* main.m in Sources */,
				CF9F3F861CA6B385007FEE3B /* Demo3_JS_HOSTTest.xcdatamodeld in Sources */,
			);
			runOnlyForDeploymentPostprocessing = 0;
		};
		CF9F3F8D1CA6B385007FEE3B /* Sources */ = {
			isa = PBXSourcesBuildPhase;
			buildActionMask = 2147483647;
			files = (
				CF9F3F961CA6B385007FEE3B /* Demo3_JS_HOSTTestTests.m in Sources */,
			);
			runOnlyForDeploymentPostprocessing = 0;
		};
		CF9F3F981CA6B385007FEE3B /* Sources */ = {
			isa = PBXSourcesBuildPhase;
			buildActionMask = 2147483647;
			files = (
				CF9F3FA11CA6B385007FEE3B /* Demo3_JS_HOSTTestUITests.m in Sources */,
			);
			runOnlyForDeploymentPostprocessing = 0;
		};
/* End PBXSourcesBuildPhase section */

/* Begin PBXTargetDependency section */
		CF9F3F931CA6B385007FEE3B /* PBXTargetDependency */ = {
			isa = PBXTargetDependency;
			target = CF9F3F741CA6B385007FEE3B /* Demo3_JS_HOSTTest */;
			targetProxy = CF9F3F921CA6B385007FEE3B /* PBXContainerItemProxy */;
		};
		CF9F3F9E1CA6B385007FEE3B /* PBXTargetDependency */ = {
			isa = PBXTargetDependency;
			target = CF9F3F741CA6B385007FEE3B /* Demo3_JS_HOSTTest */;
			targetProxy = CF9F3F9D1CA6B385007FEE3B /* PBXContainerItemProxy */;
		};
/* End PBXTargetDependency section */

/* Begin PBXVariantGroup section */
		CF9F3F811CA6B385007FEE3B /* Main.storyboard */ = {
			isa = PBXVariantGroup;
			children = (
				CF9F3F821CA6B385007FEE3B /* Base */,
			);
			name = Main.storyboard;
			sourceTree = "<group>";
		};
		CF9F3F891CA6B385007FEE3B /* LaunchScreen.storyboard */ = {
			isa = PBXVariantGroup;
			children = (
				CF9F3F8A1CA6B385007FEE3B /* Base */,
			);
			name = LaunchScreen.storyboard;
			sourceTree = "<group>";
		};
/* End PBXVariantGroup section */

/* Begin XCBuildConfiguration section */
		CF9F3FA31CA6B385007FEE3B /* Debug */ = {
			isa = XCBuildConfiguration;
			buildSettings = {
				ALWAYS_SEARCH_USER_PATHS = NO;
				CLANG_ANALYZER_NONNULL = YES;
				CLANG_CXX_LANGUAGE_STANDARD = "gnu++0x";
				CLANG_CXX_LIBRARY = "libc++";
				CLANG_ENABLE_MODULES = YES;
				CLANG_ENABLE_OBJC_ARC = YES;
				CLANG_WARN_BOOL_CONVERSION = YES;
				CLANG_WARN_CONSTANT_CONVERSION = YES;
				CLANG_WARN_DIRECT_OBJC_ISA_USAGE = YES_ERROR;
				CLANG_WARN_EMPTY_BODY = YES;
				CLANG_WARN_ENUM_CONVERSION = YES;
				CLANG_WARN_INT_CONVERSION = YES;
				CLANG_WARN_OBJC_ROOT_CLASS = YES_ERROR;
				CLANG_WARN_UNREACHABLE_CODE = YES;
				CLANG_WARN__DUPLICATE_METHOD_MATCH = YES;
				"CODE_SIGN_IDENTITY[sdk=iphoneos*]" = "iPhone Developer";
				COPY_PHASE_STRIP = NO;
				DEBUG_INFORMATION_FORMAT = dwarf;
				ENABLE_STRICT_OBJC_MSGSEND = YES;
				ENABLE_TESTABILITY = YES;
				GCC_C_LANGUAGE_STANDARD = gnu99;
				GCC_DYNAMIC_NO_PIC = NO;
				GCC_NO_COMMON_BLOCKS = YES;
				GCC_OPTIMIZATION_LEVEL = 0;
				GCC_PREPROCESSOR_DEFINITIONS = (
					"DEBUG=1",
					"$(inherited)",
				);
				GCC_WARN_64_TO_32_BIT_CONVERSION = YES;
				GCC_WARN_ABOUT_RETURN_TYPE = YES_ERROR;
				GCC_WARN_UNDECLARED_SELECTOR = YES;
				GCC_WARN_UNINITIALIZED_AUTOS = YES_AGGRESSIVE;
				GCC_WARN_UNUSED_FUNCTION = YES;
				GCC_WARN_UNUSED_VARIABLE = YES;
				IPHONEOS_DEPLOYMENT_TARGET = 9.3;
				MTL_ENABLE_DEBUG_INFO = YES;
				ONLY_ACTIVE_ARCH = YES;
				SDKROOT = iphoneos;
			};
			name = Debug;
		};
		CF9F3FA41CA6B385007FEE3B /* Release */ = {
			isa = XCBuildConfiguration;
			buildSettings = {
				ALWAYS_SEARCH_USER_PATHS = NO;
				CLANG_ANALYZER_NONNULL = YES;
				CLANG_CXX_LANGUAGE_STANDARD = "gnu++0x";
				CLANG_CXX_LIBRARY = "libc++";
				CLANG_ENABLE_MODULES = YES;
				CLANG_ENABLE_OBJC_ARC = YES;
				CLANG_WARN_BOOL_CONVERSION = YES;
				CLANG_WARN_CONSTANT_CONVERSION = YES;
				CLANG_WARN_DIRECT_OBJC_ISA_USAGE = YES_ERROR;
				CLANG_WARN_EMPTY_BODY = YES;
				CLANG_WARN_ENUM_CONVERSION = YES;
				CLANG_WARN_INT_CONVERSION = YES;
				CLANG_WARN_OBJC_ROOT_CLASS = YES_ERROR;
				CLANG_WARN_UNREACHABLE_CODE = YES;
				CLANG_WARN__DUPLICATE_METHOD_MATCH = YES;
				"CODE_SIGN_IDENTITY[sdk=iphoneos*]" = "iPhone Developer";
				COPY_PHASE_STRIP = NO;
				DEBUG_INFORMATION_FORMAT = "dwarf-with-dsym";
				ENABLE_NS_ASSERTIONS = NO;
				ENABLE_STRICT_OBJC_MSGSEND = YES;
				GCC_C_LANGUAGE_STANDARD = gnu99;
				GCC_NO_COMMON_BLOCKS = YES;
				GCC_WARN_64_TO_32_BIT_CONVERSION = YES;
				GCC_WARN_ABOUT_RETURN_TYPE = YES_ERROR;
				GCC_WARN_UNDECLARED_SELECTOR = YES;
				GCC_WARN_UNINITIALIZED_AUTOS = YES_AGGRESSIVE;
				GCC_WARN_UNUSED_FUNCTION = YES;
				GCC_WARN_UNUSED_VARIABLE = YES;
				IPHONEOS_DEPLOYMENT_TARGET = 9.3;
				MTL_ENABLE_DEBUG_INFO = NO;
				SDKROOT = iphoneos;
				VALIDATE_PRODUCT = YES;
			};
			name = Release;
		};
		CF9F3FA61CA6B385007FEE3B /* Debug */ = {
			isa = XCBuildConfiguration;
			buildSettings = {
				ASSETCATALOG_COMPILER_APPICON_NAME = AppIcon;
				INFOPLIST_FILE = Demo3_JS_HOSTTest/Info.plist;
				LD_RUNPATH_SEARCH_PATHS = "$(inherited) @executable_path/Frameworks";
				PRODUCT_BUNDLE_IDENTIFIER = "com.jiangsu.Demo3-JS-HOSTTest";
				PRODUCT_NAME = "$(TARGET_NAME)";
			};
			name = Debug;
		};
		CF9F3FA71CA6B385007FEE3B /* Release */ = {
			isa = XCBuildConfiguration;
			buildSettings = {
				ASSETCATALOG_COMPILER_APPICON_NAME = AppIcon;
				INFOPLIST_FILE = Demo3_JS_HOSTTest/Info.plist;
				LD_RUNPATH_SEARCH_PATHS = "$(inherited) @executable_path/Frameworks";
				PRODUCT_BUNDLE_IDENTIFIER = "com.jiangsu.Demo3-JS-HOSTTest";
				PRODUCT_NAME = "$(TARGET_NAME)";
			};
			name = Release;
		};
		CF9F3FA91CA6B385007FEE3B /* Debug */ = {
			isa = XCBuildConfiguration;
			buildSettings = {
				BUNDLE_LOADER = "$(TEST_HOST)";
				INFOPLIST_FILE = Demo3_JS_HOSTTestTests/Info.plist;
				LD_RUNPATH_SEARCH_PATHS = "$(inherited) @executable_path/Frameworks @loader_path/Frameworks";
				PRODUCT_BUNDLE_IDENTIFIER = "com.jiangsu.Demo3-JS-HOSTTestTests";
				PRODUCT_NAME = "$(TARGET_NAME)";
				TEST_HOST = "$(BUILT_PRODUCTS_DIR)/Demo3_JS_HOSTTest.app/Demo3_JS_HOSTTest";
			};
			name = Debug;
		};
		CF9F3FAA1CA6B385007FEE3B /* Release */ = {
			isa = XCBuildConfiguration;
			buildSettings = {
				BUNDLE_LOADER = "$(TEST_HOST)";
				INFOPLIST_FILE = Demo3_JS_HOSTTestTests/Info.plist;
				LD_RUNPATH_SEARCH_PATHS = "$(inherited) @executable_path/Frameworks @loader_path/Frameworks";
				PRODUCT_BUNDLE_IDENTIFIER = "com.jiangsu.Demo3-JS-HOSTTestTests";
				PRODUCT_NAME = "$(TARGET_NAME)";
				TEST_HOST = "$(BUILT_PRODUCTS_DIR)/Demo3_JS_HOSTTest.app/Demo3_JS_HOSTTest";
			};
			name = Release;
		};
		CF9F3FAC1CA6B385007FEE3B /* Debug */ = {
			isa = XCBuildConfiguration;
			buildSettings = {
				INFOPLIST_FILE = Demo3_JS_HOSTTestUITests/Info.plist;
				LD_RUNPATH_SEARCH_PATHS = "$(inherited) @executable_path/Frameworks @loader_path/Frameworks";
				PRODUCT_BUNDLE_IDENTIFIER = "com.jiangsu.Demo3-JS-HOSTTestUITests";
				PRODUCT_NAME = "$(TARGET_NAME)";
				TEST_TARGET_NAME = Demo3_JS_HOSTTest;
			};
			name = Debug;
		};
		CF9F3FAD1CA6B385007FEE3B /* Release */ = {
			isa = XCBuildConfiguration;
			buildSettings = {
				INFOPLIST_FILE = Demo3_JS_HOSTTestUITests/Info.plist;
				LD_RUNPATH_SEARCH_PATHS = "$(inherited) @executable_path/Frameworks @loader_path/Frameworks";
				PRODUCT_BUNDLE_IDENTIFIER = "com.jiangsu.Demo3-JS-HOSTTestUITests";
				PRODUCT_NAME = "$(TARGET_NAME)";
				TEST_TARGET_NAME = Demo3_JS_HOSTTest;
			};
			name = Release;
		};
/* End XCBuildConfiguration section */

/* Begin XCConfigurationList section */
		CF9F3F701CA6B385007FEE3B /* Build configuration list for PBXProject "Demo3_JS_HOSTTest" */ = {
			isa = XCConfigurationList;
			buildConfigurations = (
				CF9F3FA31CA6B385007FEE3B /* Debug */,
				CF9F3FA41CA6B385007FEE3B /* Release */,
			);
			defaultConfigurationIsVisible = 0;
			defaultConfigurationName = Release;
		};
		CF9F3FA51CA6B385007FEE3B /* Build configuration list for PBXNativeTarget "Demo3_JS_HOSTTest" */ = {
			isa = XCConfigurationList;
			buildConfigurations = (
				CF9F3FA61CA6B385007FEE3B /* Debug */,
				CF9F3FA71CA6B385007FEE3B /* Release */,
			);
			defaultConfigurationIsVisible = 0;
		};
		CF9F3FA81CA6B385007FEE3B /* Build configuration list for PBXNativeTarget "Demo3_JS_HOSTTestTests" */ = {
			isa = XCConfigurationList;
			buildConfigurations = (
				CF9F3FA91CA6B385007FEE3B /* Debug */,
				CF9F3FAA1CA6B385007FEE3B /* Release */,
			);
			defaultConfigurationIsVisible = 0;
		};
		CF9F3FAB1CA6B385007FEE3B /* Build configuration list for PBXNativeTarget "Demo3_JS_HOSTTestUITests" */ = {
			isa = XCConfigurationList;
			buildConfigurations = (
				CF9F3FAC1CA6B385007FEE3B /* Debug */,
				CF9F3FAD1CA6B385007FEE3B /* Release */,
			);
			defaultConfigurationIsVisible = 0;
		};
/* End XCConfigurationList section */

/* Begin XCVersionGroup section */
		CF9F3F841CA6B385007FEE3B /* Demo3_JS_HOSTTest.xcdatamodeld */ = {
			isa = XCVersionGroup;
			children = (
				CF9F3F851CA6B385007FEE3B /* Demo3_JS_HOSTTest.xcdatamodel */,
			);
			currentVersion = CF9F3F851CA6B385007FEE3B /* Demo3_JS_HOSTTest.xcdatamodel */;
			path = Demo3_JS_HOSTTest.xcdatamodeld;
			sourceTree = "<group>";
			versionGroupType = wrapper.xcdatamodel;
		};
/* End XCVersionGroup section */
	};
	rootObject = CF9F3F6D1CA6B385007FEE3B /* Project object */;
}
